
Microsoft Visual Studio Solution File, Format Version 11.00
# Visual Studio 2010
Project("{FAE04EC0-301F-11D3-BF4B-00C04F79EFBC}") = "Assembly-CSharp", "Assembly-CSharp.csproj", "{a1174091-3c29-a2b2-506f-49d8c7abe89c}"
EndProject
Project("{FAE04EC0-301F-11D3-BF4B-00C04F79EFBC}") = "com.leantween", "com.leantween.csproj", "{7172d6d6-2678-0fa8-3cf0-5288c04d5a30}"
EndProject
Project("{FAE04EC0-301F-11D3-BF4B-00C04F79EFBC}") = "Assembly-CSharp-firstpass", "Assembly-CSharp-firstpass.csproj", "{b4c33941-0d01-1507-3ca4-f9d510c57b5f}"
EndProject
Project("{FAE04EC0-301F-11D3-BF4B-00C04F79EFBC}") = "com.leantween.editor", "com.leantween.editor.csproj", "{824580ac-aa7b-8080-e2a3-494ce1752ff0}"
EndProject
Project("{FAE04EC0-301F-11D3-BF4B-00C04F79EFBC}") = "Assembly-CSharp-Editor-firstpass", "Assembly-CSharp-Editor-firstpass.csproj", "{12376786-fcb8-5a85-e65d-cb6c2fc1e0f9}"
EndProject
Project("{FAE04EC0-301F-11D3-BF4B-00C04F79EFBC}") = "Assembly-CSharp-Editor", "Assembly-CSharp-Editor.csproj", "{ea84f2b0-7a77-c5c0-749f-a8a9b7f299b1}"
EndProject
Global
	GlobalSection(SolutionConfigurationPlatforms) = preSolution
		Debug|Any CPU = Debug|Any CPU
	EndGlobalSection
	GlobalSection(ProjectConfigurationPlatforms) = postSolution
		{a1174091-3c29-a2b2-506f-49d8c7abe89c}.Debug|Any CPU.ActiveCfg = Debug|Any CPU
		{a1174091-3c29-a2b2-506f-49d8c7abe89c}.Debug|Any CPU.Build.0 = Debug|Any CPU
		{7172d6d6-2678-0fa8-3cf0-5288c04d5a30}.Debug|Any CPU.ActiveCfg = Debug|Any CPU
		{7172d6d6-2678-0fa8-3cf0-5288c04d5a30}.Debug|Any CPU.Build.0 = Debug|Any CPU
		{b4c33941-0d01-1507-3ca4-f9d510c57b5f}.Debug|Any CPU.ActiveCfg = Debug|Any CPU
		{b4c33941-0d01-1507-3ca4-f9d510c57b5f}.Debug|Any CPU.Build.0 = Debug|Any CPU
		{824580ac-aa7b-8080-e2a3-494ce1752ff0}.Debug|Any CPU.ActiveCfg = Debug|Any CPU
		{824580ac-aa7b-8080-e2a3-494ce1752ff0}.Debug|Any CPU.Build.0 = Debug|Any CPU
		{12376786-fcb8-5a85-e65d-cb6c2fc1e0f9}.Debug|Any CPU.ActiveCfg = Debug|Any CPU
		{12376786-fcb8-5a85-e65d-cb6c2fc1e0f9}.Debug|Any CPU.Build.0 = Debug|Any CPU
		{ea84f2b0-7a77-c5c0-749f-a8a9b7f299b1}.Debug|Any CPU.ActiveCfg = Debug|Any CPU
		{ea84f2b0-7a77-c5c0-749f-a8a9b7f299b1}.Debug|Any CPU.Build.0 = Debug|Any CPU
	EndGlobalSection
	GlobalSection(SolutionProperties) = preSolution
		HideSolutionNode = FALSE
	EndGlobalSection
EndGlobal
